
Microsoft Visual Studio Solution File, Format Version 12.00
# Visual Studio Version 17
VisualStudioVersion = 17.2.32616.157
MinimumVisualStudioVersion = 10.0.40219.1
Project("{9A19103F-16F7-4668-BE54-9A1E7A4F7556}") = "HPlusSport.API", "HPlusSport.API\HPlusSport.API.csproj", "{38AABE73-99CE-4512-90E9-B020B7CDE31E}"
EndProject
Project("{FAE04EC0-301F-11D3-BF4B-00C04F79EFBC}") = "HPlusSport.Web", "HPlusSport.Web\HPlusSport.Web.csproj", "{7C9D3E8E-3AFB-4A46-8CE5-9D687087C4EC}"
EndProject
Global
	GlobalSection(SolutionConfigurationPlatforms) = preSolution
		Debug|Any CPU = Debug|Any CPU
		Release|Any CPU = Release|Any CPU
	EndGlobalSection
	GlobalSection(ProjectConfigurationPlatforms) = postSolution
		{38AABE73-99CE-4512-90E9-B020B7CDE31E}.Debug|Any CPU.ActiveCfg = Debug|Any CPU
		{38AABE73-99CE-4512-90E9-B020B7CDE31E}.Debug|Any CPU.Build.0 = Debug|Any CPU
		{38AABE73-99CE-4512-90E9-B020B7CDE31E}.Release|Any CPU.ActiveCfg = Release|Any CPU
		{38AABE73-99CE-4512-90E9-B020B7CDE31E}.Release|Any CPU.Build.0 = Release|Any CPU
		{7C9D3E8E-3AFB-4A46-8CE5-9D687087C4EC}.Debug|Any CPU.ActiveCfg = Debug|Any CPU
		{7C9D3E8E-3AFB-4A46-8CE5-9D687087C4EC}.Debug|Any CPU.Build.0 = Debug|Any CPU
		{7C9D3E8E-3AFB-4A46-8CE5-9D687087C4EC}.Release|Any CPU.ActiveCfg = Release|Any CPU
		{7C9D3E8E-3AFB-4A46-8CE5-9D687087C4EC}.Release|Any CPU.Build.0 = Release|Any CPU
	EndGlobalSection
	GlobalSection(SolutionProperties) = preSolution
		HideSolutionNode = FALSE
	EndGlobalSection
	GlobalSection(ExtensibilityGlobals) = postSolution
		SolutionGuid = {198492C2-65FE-4965-A2F7-7EABCC80A0CB}
	EndGlobalSection
EndGlobal
